
Microsoft Visual Studio Solution File, Format Version 12.00
# Visual Studio 15
VisualStudioVersion = 15.0.27703.2042
MinimumVisualStudioVersion = 10.0.40219.1
Project("{FAE04EC0-301F-11D3-BF4B-00C04F79EFBC}") = "TeduShop.Commom", "TeduShop.Commom\TeduShop.Commom.csproj", "{91E50FEC-7137-4C53-8065-E55E4CAED941}"
EndProject
Project("{FAE04EC0-301F-11D3-BF4B-00C04F79EFBC}") = "TeduShop.Data", "TeduShop.Data\TeduShop.Data.csproj", "{C03D564A-6996-4153-8D04-115979A8A620}"
EndProject
Project("{FAE04EC0-301F-11D3-BF4B-00C04F79EFBC}") = "TeduShop.Model", "TeduShop.Model\TeduShop.Model.csproj", "{62955628-BF38-436F-850B-337C3F257F41}"
EndProject
Project("{FAE04EC0-301F-11D3-BF4B-00C04F79EFBC}") = "TeduShop.Service", "TeduShop.Service\TeduShop.Service.csproj", "{3C72CF11-3BA9-4127-BB30-8FE8EBDD874B}"
EndProject
Project("{FAE04EC0-301F-11D3-BF4B-00C04F79EFBC}") = "TeduShop.UnitTest", "TeduShop.UnitTest\TeduShop.UnitTest.csproj", "{DD9D7681-CBC0-4DFA-BC69-4B7ED8D65C6D}"
EndProject
Project("{FAE04EC0-301F-11D3-BF4B-00C04F79EFBC}") = "TeduShop.Web", "TeduShop.Web\TeduShop.Web.csproj", "{D224F3B7-34F1-49D4-A8E7-3F2E7E5D8618}"
EndProject
Global
	GlobalSection(SolutionConfigurationPlatforms) = preSolution
		Debug|Any CPU = Debug|Any CPU
		Release|Any CPU = Release|Any CPU
	EndGlobalSection
	GlobalSection(ProjectConfigurationPlatforms) = postSolution
		{91E50FEC-7137-4C53-8065-E55E4CAED941}.Debug|Any CPU.ActiveCfg = Debug|Any CPU
		{91E50FEC-7137-4C53-8065-E55E4CAED941}.Debug|Any CPU.Build.0 = Debug|Any CPU
		{91E50FEC-7137-4C53-8065-E55E4CAED941}.Release|Any CPU.ActiveCfg = Release|Any CPU
		{91E50FEC-7137-4C53-8065-E55E4CAED941}.Release|Any CPU.Build.0 = Release|Any CPU
		{C03D564A-6996-4153-8D04-115979A8A620}.Debug|Any CPU.ActiveCfg = Debug|Any CPU
		{C03D564A-6996-4153-8D04-115979A8A620}.Debug|Any CPU.Build.0 = Debug|Any CPU
		{C03D564A-6996-4153-8D04-115979A8A620}.Release|Any CPU.ActiveCfg = Release|Any CPU
		{C03D564A-6996-4153-8D04-115979A8A620}.Release|Any CPU.Build.0 = Release|Any CPU
		{62955628-BF38-436F-850B-337C3F257F41}.Debug|Any CPU.ActiveCfg = Debug|Any CPU
		{62955628-BF38-436F-850B-337C3F257F41}.Debug|Any CPU.Build.0 = Debug|Any CPU
		{62955628-BF38-436F-850B-337C3F257F41}.Release|Any CPU.ActiveCfg = Release|Any CPU
		{62955628-BF38-436F-850B-337C3F257F41}.Release|Any CPU.Build.0 = Release|Any CPU
		{3C72CF11-3BA9-4127-BB30-8FE8EBDD874B}.Debug|Any CPU.ActiveCfg = Debug|Any CPU
		{3C72CF11-3BA9-4127-BB30-8FE8EBDD874B}.Debug|Any CPU.Build.0 = Debug|Any CPU
		{3C72CF11-3BA9-4127-BB30-8FE8EBDD874B}.Release|Any CPU.ActiveCfg = Release|Any CPU
		{3C72CF11-3BA9-4127-BB30-8FE8EBDD874B}.Release|Any CPU.Build.0 = Release|Any CPU
		{DD9D7681-CBC0-4DFA-BC69-4B7ED8D65C6D}.Debug|Any CPU.ActiveCfg = Debug|Any CPU
		{DD9D7681-CBC0-4DFA-BC69-4B7ED8D65C6D}.Debug|Any CPU.Build.0 = Debug|Any CPU
		{DD9D7681-CBC0-4DFA-BC69-4B7ED8D65C6D}.Release|Any CPU.ActiveCfg = Release|Any CPU
		{DD9D7681-CBC0-4DFA-BC69-4B7ED8D65C6D}.Release|Any CPU.Build.0 = Release|Any CPU
		{D224F3B7-34F1-49D4-A8E7-3F2E7E5D8618}.Debug|Any CPU.ActiveCfg = Debug|Any CPU
		{D224F3B7-34F1-49D4-A8E7-3F2E7E5D8618}.Debug|Any CPU.Build.0 = Debug|Any CPU
		{D224F3B7-34F1-49D4-A8E7-3F2E7E5D8618}.Release|Any CPU.ActiveCfg = Release|Any CPU
		{D224F3B7-34F1-49D4-A8E7-3F2E7E5D8618}.Release|Any CPU.Build.0 = Release|Any CPU
	EndGlobalSection
	GlobalSection(SolutionProperties) = preSolution
		HideSolutionNode = FALSE
	EndGlobalSection
	GlobalSection(ExtensibilityGlobals) = postSolution
		SolutionGuid = {6C44B392-BF22-4132-85A9-02317A93A29A}
	EndGlobalSection
EndGlobal
